dependencies:
  espressif/esp-dsp:
    component_hash: 46498b4973097cac29cfc6a692abef44375ffb7b00b73b3f354124efc626a154
    source:
      service_url: https://api.components.espressif.com/
      type: service
    version: 1.4.10
  idf:
    component_hash: null
    source:
      type: idf
    version: 5.1.2
manifest_hash: d2d938c0b92da166a3a77be064c8a865fc41d0e367f71feb13e27ff2997645cf
target: esp32s3
version: 1.0.0
